{
  "R": {
    "Version": "4.2.0",
    "Repositories": [
      {
        "Name": "CRAN",
        "URL": "https://packagemanager.posit.co/cran/latest"
      }
    ]
  },
  "Packages": {
    "DiceDesign": {
      "Package": "DiceDesign",
      "Version": "1.9",
      "Source": "Repository",
      "Repository": "CRAN",
      "Requirements": [
        "R"
      ],
      "Hash": "b7b812ae4484d4bbf0a0baac72e8fc01"
    },
    "GPfit": {
      "Package": "GPfit",
      "Version": "1.0-8",
      "Source": "Repository",
      "Repository": "CRAN",
      "Requirements": [
        "lattice",
        "lhs"
      ],
      "Hash": "29a7dccade1fd037c8262c2a239775eb"
    },
    "KernSmooth": {
      "Package": "KernSmooth",
      "Version": "2.23-21",
      "Source": "Repository",
      "Repository": "CRAN",
      "Requirements": [
        "R",
        "stats"
      ],
      "Hash": "6314fc110e09548ba889491db6ae67fb"
    },
    "MASS": {
      "Package": "MASS",
      "Version": "7.3-60",
      "Source": "Repository",
      "Repository": "CRAN",
      "Requirements": [
        "R",
        "grDevices",
        "graphics",
        "methods",
        "stats",
        "utils"
      ],
      "Hash": "a56a6365b3fa73293ea8d084be0d9bb0"
    },
    "Matrix": {
      "Package": "Matrix",
      "Version": "1.5-4",
      "Source": "Repository",
      "Repository": "CRAN",
      "Requirements": [
        "R",
        "graphics",
        "grid",
        "lattice",
        "methods",
        "stats",
        "utils"
      ],
      "Hash": "e779c7d9f35cc364438578f334cffee2"
    },
    "R6": {
      "Package": "R6",
      "Version": "2.5.1",
      "Source": "Repository",
      "Repository": "CRAN",
      "Requirements": [
        "R"
      ],
      "Hash": "470851b6d5d0ac559e9d01bb352b4021"
    },
    "RColorBrewer": {
      "Package": "RColorBrewer",
      "Version": "1.1-3",
      "Source": "Repository",
      "Repository": "CRAN",
      "Requirements": [
        "R"
      ],
      "Hash": "45f0398006e83a5b10b72a90663d8d8c"
    },
    "Rcpp": {
      "Package": "Rcpp",
      "Version": "1.0.10",
      "Source": "Repository",
      "Repository": "CRAN",
      "Requirements": [
        "methods",
        "utils"
      ],
      "Hash": "e749cae40fa9ef469b6050959517453c"
    },
    "SQUAREM": {
      "Package": "SQUAREM",
      "Version": "2021.1",
      "Source": "Repository",
      "Repository": "CRAN",
      "Requirements": [
        "R"
      ],
      "Hash": "0cf10dab0d023d5b46a5a14387556891"
    },
    "backports": {
      "Package": "backports",
      "Version": "1.4.1",
      "Source": "Repository",
      "Repository": "CRAN",
      "Requirements": [
        "R"
      ],
      "Hash": "c39fbec8a30d23e721980b8afb31984c"
    },
    "broom": {
      "Package": "broom",
      "Version": "1.0.4",
      "Source": "Repository",
      "Repository": "CRAN",
      "Requirements": [
        "R",
        "backports",
        "dplyr",
        "ellipsis",
        "generics",
        "glue",
        "lifecycle",
        "purrr",
        "rlang",
        "stringr",
        "tibble",
        "tidyr"
      ],
      "Hash": "f62b2504021369a2449c54bbda362d30"
    },
    "butcher": {
      "Package": "butcher",
      "Version": "0.3.2",
      "Source": "Repository",
      "Repository": "CRAN",
      "Requirements": [
        "R",
        "cli",
        "lobstr",
        "methods",
        "purrr",
        "rlang",
        "tibble",
        "utils",
        "vctrs"
      ],
      "Hash": "0804e023949503fee9fab811788deb2f"
    },
    "cachem": {
      "Package": "cachem",
      "Version": "1.0.8",
      "Source": "Repository",
      "Repository": "CRAN",
      "Requirements": [
        "fastmap",
        "rlang"
      ],
      "Hash": "c35768291560ce302c0a6589f92e837d"
    },
    "class": {
      "Package": "class",
      "Version": "7.3-22",
      "Source": "Repository",
      "Repository": "CRAN",
      "Requirements": [
        "MASS",
        "R",
        "stats",
        "utils"
      ],
      "Hash": "f91f6b29f38b8c280f2b9477787d4bb2"
    },
    "cli": {
      "Package": "cli",
      "Version": "3.6.1",
      "Source": "Repository",
      "Repository": "CRAN",
      "Requirements": [
        "R",
        "utils"
      ],
      "Hash": "89e6d8219950eac806ae0c489052048a"
    },
    "clock": {
      "Package": "clock",
      "Version": "0.7.0",
      "Source": "Repository",
      "Repository": "CRAN",
      "Requirements": [
        "R",
        "cli",
        "cpp11",
        "lifecycle",
        "rlang",
        "tzdb",
        "vctrs"
      ],
      "Hash": "3d8a84cdf9f6f8564531c49b70f3833d"
    },
    "codetools": {
      "Package": "codetools",
      "Version": "0.2-19",
      "Source": "Repository",
      "Repository": "CRAN",
      "Requirements": [
        "R"
      ],
      "Hash": "c089a619a7fae175d149d89164f8c7d8"
    },
    "colorspace": {
      "Package": "colorspace",
      "Version": "2.1-0",
      "Source": "Repository",
      "Repository": "CRAN",
      "Requirements": [
        "R",
        "grDevices",
        "graphics",
        "methods",
        "stats"
      ],
      "Hash": "f20c47fd52fae58b4e377c37bb8c335b"
    },
    "conflicted": {
      "Package": "conflicted",
      "Version": "1.2.0",
      "Source": "Repository",
      "Repository": "CRAN",
      "Requirements": [
        "R",
        "cli",
        "memoise",
        "rlang"
      ],
      "Hash": "bb097fccb22d156624fd07cd2894ddb6"
    },
    "cpp11": {
      "Package": "cpp11",
      "Version": "0.4.3",
      "Source": "Repository",
      "Repository": "CRAN",
      "Hash": "ed588261931ee3be2c700d22e94a29ab"
    },
    "crayon": {
      "Package": "crayon",
      "Version": "1.5.2",
      "Source": "Repository",
      "Repository": "CRAN",
      "Requirements": [
        "grDevices",
        "methods",
        "utils"
      ],
      "Hash": "e8a1e41acf02548751f45c718d55aa6a"
    },
    "data.table": {
      "Package": "data.table",
      "Version": "1.14.8",
      "Source": "Repository",
      "Repository": "CRAN",
      "Requirements": [
        "R",
        "methods"
      ],
      "Hash": "b4c06e554f33344e044ccd7fdca750a9"
    },
    "diagram": {
      "Package": "diagram",
      "Version": "1.6.5",
      "Source": "Repository",
      "Repository": "CRAN",
      "Requirements": [
        "R",
        "graphics",
        "shape",
        "stats"
      ],
      "Hash": "c7f527c59edc72c4bce63519b8d38752"
    },
    "dials": {
      "Package": "dials",
      "Version": "1.2.0",
      "Source": "Repository",
      "Repository": "CRAN",
      "Requirements": [
        "DiceDesign",
        "R",
        "cli",
        "dplyr",
        "glue",
        "hardhat",
        "lifecycle",
        "pillar",
        "purrr",
        "rlang",
        "scales",
        "tibble",
        "utils",
        "vctrs",
        "withr"
      ],
      "Hash": "ce71836ecc0efd70890c6825c8b4ff47"
    },
    "digest": {
      "Package": "digest",
      "Version": "0.6.31",
      "Source": "Repository",
      "Repository": "CRAN",
      "Requirements": [
        "R",
        "utils"
      ],
      "Hash": "8b708f296afd9ae69f450f9640be8990"
    },
    "doMC": {
      "Package": "doMC",
      "Version": "1.3.8",
      "Source": "Repository",
      "Repository": "CRAN",
      "OS_type": "unix",
      "Requirements": [
        "R",
        "foreach",
        "iterators",
        "parallel",
        "utils"
      ],
      "Hash": "daafe209e13c4fd20f2190a94f2f2103"
    },
    "dplyr": {
      "Package": "dplyr",
      "Version": "1.1.2",
      "Source": "Repository",
      "Repository": "CRAN",
      "Requirements": [
        "R",
        "R6",
        "cli",
        "generics",
        "glue",
        "lifecycle",
        "magrittr",
        "methods",
        "pillar",
        "rlang",
        "tibble",
        "tidyselect",
        "utils",
        "vctrs"
      ],
      "Hash": "dea6970ff715ca541c387de363ff405e"
    },
    "ellipsis": {
      "Package": "ellipsis",
      "Version": "0.3.2",
      "Source": "Repository",
      "Repository": "CRAN",
      "Requirements": [
        "R",
        "rlang"
      ],
      "Hash": "bb0eec2fe32e88d9e2836c2f73ea2077"
    },
    "fansi": {
      "Package": "fansi",
      "Version": "1.0.4",
      "Source": "Repository",
      "Repository": "CRAN",
      "Requirements": [
        "R",
        "grDevices",
        "utils"
      ],
      "Hash": "1d9e7ad3c8312a192dea7d3db0274fde"
    },
    "farver": {
      "Package": "farver",
      "Version": "2.1.1",
      "Source": "Repository",
      "Repository": "CRAN",
      "Hash": "8106d78941f34855c440ddb946b8f7a5"
    },
    "fastmap": {
      "Package": "fastmap",
      "Version": "1.1.1",
      "Source": "Repository",
      "Repository": "CRAN",
      "Hash": "f7736a18de97dea803bde0a2daaafb27"
    },
    "foreach": {
      "Package": "foreach",
      "Version": "1.5.2",
      "Source": "Repository",
      "Repository": "CRAN",
      "Requirements": [
        "R",
        "codetools",
        "iterators",
        "utils"
      ],
      "Hash": "618609b42c9406731ead03adf5379850"
    },
    "furrr": {
      "Package": "furrr",
      "Version": "0.3.1",
      "Source": "Repository",
      "Repository": "CRAN",
      "Requirements": [
        "R",
        "future",
        "globals",
        "lifecycle",
        "purrr",
        "rlang",
        "vctrs"
      ],
      "Hash": "da7a4c32196cb2262a41dd5a25d486ff"
    },
    "future": {
      "Package": "future",
      "Version": "1.32.0",
      "Source": "Repository",
      "Repository": "CRAN",
      "Requirements": [
        "digest",
        "globals",
        "listenv",
        "parallel",
        "parallelly",
        "utils"
      ],
      "Hash": "c68517cf2f78be4ea86e140b8598a4ca"
    },
    "future.apply": {
      "Package": "future.apply",
      "Version": "1.11.0",
      "Source": "Repository",
      "Repository": "CRAN",
      "Requirements": [
        "R",
        "future",
        "globals",
        "parallel",
        "utils"
      ],
      "Hash": "ba4be138fe47eac3e16a6deaa4da106e"
    },
    "generics": {
      "Package": "generics",
      "Version": "0.1.3",
      "Source": "Repository",
      "Repository": "CRAN",
      "Requirements": [
        "R",
        "methods"
      ],
      "Hash": "15e9634c0fcd294799e9b2e929ed1b86"
    },
    "ggplot2": {
      "Package": "ggplot2",
      "Version": "3.4.2",
      "Source": "Repository",
      "Repository": "CRAN",
      "Requirements": [
        "MASS",
        "R",
        "cli",
        "glue",
        "grDevices",
        "grid",
        "gtable",
        "isoband",
        "lifecycle",
        "mgcv",
        "rlang",
        "scales",
        "stats",
        "tibble",
        "vctrs",
        "withr"
      ],
      "Hash": "3a147ee02e85a8941aad9909f1b43b7b"
    },
    "globals": {
      "Package": "globals",
      "Version": "0.16.2",
      "Source": "Repository",
      "Repository": "CRAN",
      "Requirements": [
        "R",
        "codetools"
      ],
      "Hash": "baa9585ab4ce47a9f4618e671778cc6f"
    },
    "glue": {
      "Package": "glue",
      "Version": "1.6.2",
      "Source": "Repository",
      "Repository": "CRAN",
      "Requirements": [
        "R",
        "methods"
      ],
      "Hash": "4f2596dfb05dac67b9dc558e5c6fba2e"
    },
    "gower": {
      "Package": "gower",
      "Version": "1.0.1",
      "Source": "Repository",
      "Repository": "CRAN",
      "Hash": "7a0051eef852c301b5efe2f7913dd45f"
    },
    "gtable": {
      "Package": "gtable",
      "Version": "0.3.3",
      "Source": "Repository",
      "Repository": "CRAN",
      "Requirements": [
        "R",
        "cli",
        "glue",
        "grid",
        "lifecycle",
        "rlang"
      ],
      "Hash": "b44addadb528a0d227794121c00572a0"
    },
    "hardhat": {
      "Package": "hardhat",
      "Version": "1.3.0.9000",
      "Source": "GitHub",
      "RemoteType": "github",
      "RemoteHost": "api.github.com",
      "RemoteRepo": "hardhat",
      "RemoteUsername": "tidymodels",
      "RemotePkgRef": "tidymodels/hardhat",
      "RemoteRef": "HEAD",
      "RemoteSha": "ac2dfd06e52bed75e4bca35fa1df0d93f3575a85",
      "Requirements": [
        "R",
        "cli",
        "glue",
        "rlang",
        "tibble",
        "vctrs"
      ],
      "Hash": "9639bf0c799642a2f153b6a7d79cdf10"
    },
    "infer": {
      "Package": "infer",
      "Version": "1.0.4",
      "Source": "Repository",
      "Repository": "CRAN",
      "Requirements": [
        "R",
        "broom",
        "dplyr",
        "generics",
        "ggplot2",
        "glue",
        "grDevices",
        "magrittr",
        "methods",
        "patchwork",
        "purrr",
        "rlang",
        "tibble",
        "tidyr"
      ],
      "Hash": "b1aa2741a03a90aa9d8187997cfc55c9"
    },
    "ipred": {
      "Package": "ipred",
      "Version": "0.9-14",
      "Source": "Repository",
      "Repository": "CRAN",
      "Requirements": [
        "MASS",
        "R",
        "class",
        "nnet",
        "prodlim",
        "rpart",
        "survival"
      ],
      "Hash": "b25a108cbf4834be7c1b1f46ff30f888"
    },
    "isoband": {
      "Package": "isoband",
      "Version": "0.2.7",
      "Source": "Repository",
      "Repository": "CRAN",
      "Requirements": [
        "grid",
        "utils"
      ],
      "Hash": "0080607b4a1a7b28979aecef976d8bc2"
    },
    "iterators": {
      "Package": "iterators",
      "Version": "1.0.14",
      "Source": "Repository",
      "Repository": "CRAN",
      "Requirements": [
        "R",
        "utils"
      ],
      "Hash": "8954069286b4b2b0d023d1b288dce978"
    },
    "labeling": {
      "Package": "labeling",
      "Version": "0.4.2",
      "Source": "Repository",
      "Repository": "CRAN",
      "Requirements": [
        "graphics",
        "stats"
      ],
      "Hash": "3d5108641f47470611a32d0bdf357a72"
    },
    "lattice": {
      "Package": "lattice",
      "Version": "0.21-8",
      "Source": "Repository",
      "Repository": "CRAN",
      "Requirements": [
        "R",
        "grDevices",
        "graphics",
        "grid",
        "stats",
        "utils"
      ],
      "Hash": "0b8a6d63c8770f02a8b5635f3c431e6b"
    },
    "lava": {
      "Package": "lava",
      "Version": "1.7.2.1",
      "Source": "Repository",
      "Repository": "CRAN",
      "Requirements": [
        "R",
        "SQUAREM",
        "future.apply",
        "grDevices",
        "graphics",
        "methods",
        "numDeriv",
        "progressr",
        "stats",
        "survival",
        "utils"
      ],
      "Hash": "bbc70840ea0f91f34dd9703efe4c96c3"
    },
    "lhs": {
      "Package": "lhs",
      "Version": "1.1.6",
      "Source": "Repository",
      "Repository": "CRAN",
      "Requirements": [
        "R",
        "Rcpp"
      ],
      "Hash": "a007ff66aa9d478e220bf0493a7b1d95"
    },
    "lifecycle": {
      "Package": "lifecycle",
      "Version": "1.0.3",
      "Source": "Repository",
      "Repository": "CRAN",
      "Requirements": [
        "R",
        "cli",
        "glue",
        "rlang"
      ],
      "Hash": "001cecbeac1cff9301bdc3775ee46a86"
    },
    "listenv": {
      "Package": "listenv",
      "Version": "0.9.0",
      "Source": "Repository",
      "Repository": "CRAN",
      "Requirements": [
        "R"
      ],
      "Hash": "4fbd3679ec8ee169ba28d4b1ea7d0e8f"
    },
    "lobstr": {
      "Package": "lobstr",
      "Version": "1.1.2",
      "Source": "Repository",
      "Repository": "CRAN",
      "Requirements": [
        "R",
        "cpp11",
        "crayon",
        "methods",
        "prettyunits",
        "rlang"
      ],
      "Hash": "f2a94f8fc9db382a642e965339635ad6"
    },
    "lubridate": {
      "Package": "lubridate",
      "Version": "1.9.2",
      "Source": "Repository",
      "Repository": "CRAN",
      "Requirements": [
        "R",
        "generics",
        "methods",
        "timechange"
      ],
      "Hash": "e25f18436e3efd42c7c590a1c4c15390"
    },
    "magrittr": {
      "Package": "magrittr",
      "Version": "2.0.3",
      "Source": "Repository",
      "Repository": "CRAN",
      "Requirements": [
        "R"
      ],
      "Hash": "7ce2733a9826b3aeb1775d56fd305472"
    },
    "memoise": {
      "Package": "memoise",
      "Version": "2.0.1",
      "Source": "Repository",
      "Repository": "CRAN",
      "Requirements": [
        "cachem",
        "rlang"
      ],
      "Hash": "e2817ccf4a065c5d9d7f2cfbe7c1d78c"
    },
    "mgcv": {
      "Package": "mgcv",
      "Version": "1.8-42",
      "Source": "Repository",
      "Repository": "CRAN",
      "Requirements": [
        "Matrix",
        "R",
        "graphics",
        "methods",
        "nlme",
        "splines",
        "stats",
        "utils"
      ],
      "Hash": "3460beba7ccc8946249ba35327ba902a"
    },
    "modeldata": {
      "Package": "modeldata",
      "Version": "1.1.0",
      "Source": "Repository",
      "Repository": "CRAN",
      "Requirements": [
        "MASS",
        "R",
        "dplyr",
        "purrr",
        "rlang",
        "tibble"
      ],
      "Hash": "df65cdee10e24635c6491ed5a98a31ef"
    },
    "modelenv": {
      "Package": "modelenv",
      "Version": "0.1.1",
      "Source": "Repository",
      "Repository": "CRAN",
      "Requirements": [
        "glue",
        "rlang",
        "tibble",
        "vctrs"
      ],
      "Hash": "fc2e59a68030885555c7be34ee7765a1"
    },
    "munsell": {
      "Package": "munsell",
      "Version": "0.5.0",
      "Source": "Repository",
      "Repository": "CRAN",
      "Requirements": [
        "colorspace",
        "methods"
      ],
      "Hash": "6dfe8bf774944bd5595785e3229d8771"
    },
    "nlme": {
      "Package": "nlme",
      "Version": "3.1-162",
      "Source": "Repository",
      "Repository": "CRAN",
      "Requirements": [
        "R",
        "graphics",
        "lattice",
        "stats",
        "utils"
      ],
      "Hash": "0984ce8da8da9ead8643c5cbbb60f83e"
    },
    "nnet": {
      "Package": "nnet",
      "Version": "7.3-19",
      "Source": "Repository",
      "Repository": "CRAN",
      "Requirements": [
        "R",
        "stats",
        "utils"
      ],
      "Hash": "2c797b46eea7fb58ede195bc0b1f1138"
    },
    "numDeriv": {
      "Package": "numDeriv",
      "Version": "2016.8-1.1",
      "Source": "Repository",
      "Repository": "CRAN",
      "Requirements": [
        "R"
      ],
      "Hash": "df58958f293b166e4ab885ebcad90e02"
    },
    "parallelly": {
      "Package": "parallelly",
      "Version": "1.36.0",
      "Source": "Repository",
      "Repository": "CRAN",
      "Requirements": [
        "parallel",
        "tools",
        "utils"
      ],
      "Hash": "bca377e1c87ec89ebed77bba00635b2e"
    },
    "parsnip": {
      "Package": "parsnip",
      "Version": "1.1.0",
      "Source": "Repository",
      "Repository": "CRAN",
      "Requirements": [
        "R",
        "cli",
        "dplyr",
        "generics",
        "ggplot2",
        "globals",
        "glue",
        "hardhat",
        "lifecycle",
        "magrittr",
        "pillar",
        "prettyunits",
        "purrr",
        "rlang",
        "stats",
        "tibble",
        "tidyr",
        "utils",
        "vctrs",
        "withr"
      ],
      "Hash": "009152502d5125513c353612052e9d4e"
    },
    "patchwork": {
      "Package": "patchwork",
      "Version": "1.1.2",
      "Source": "Repository",
      "Repository": "CRAN",
      "Requirements": [
        "ggplot2",
        "grDevices",
        "graphics",
        "grid",
        "gtable",
        "stats",
        "utils"
      ],
      "Hash": "63b611e9d909a9ed057639d9c3b77152"
    },
    "pillar": {
      "Package": "pillar",
      "Version": "1.9.0",
      "Source": "Repository",
      "Repository": "CRAN",
      "Requirements": [
        "cli",
        "fansi",
        "glue",
        "lifecycle",
        "rlang",
        "utf8",
        "utils",
        "vctrs"
      ],
      "Hash": "15da5a8412f317beeee6175fbc76f4bb"
    },
    "pkgconfig": {
      "Package": "pkgconfig",
      "Version": "2.0.3",
      "Source": "Repository",
      "Repository": "CRAN",
      "Requirements": [
        "utils"
      ],
      "Hash": "01f28d4278f15c76cddbea05899c5d6f"
    },
    "prettyunits": {
      "Package": "prettyunits",
      "Version": "1.1.1",
      "Source": "Repository",
      "Repository": "CRAN",
      "Hash": "95ef9167b75dde9d2ccc3c7528393e7e"
    },
    "probably": {
      "Package": "probably",
      "Version": "1.0.1",
      "Source": "Repository",
      "Repository": "CRAN",
      "Requirements": [
        "R",
        "butcher",
        "cli",
        "dplyr",
        "furrr",
        "generics",
        "ggplot2",
        "hardhat",
        "pillar",
        "purrr",
        "rlang",
        "tidyr",
        "tidyselect",
        "tune",
        "vctrs",
        "withr",
        "workflows",
        "yardstick"
      ],
      "Hash": "5c9a3f9e09f9624850c715f3b8cd902e"
    },
    "prodlim": {
      "Package": "prodlim",
      "Version": "2023.03.31",
      "Source": "Repository",
      "Repository": "CRAN",
      "Requirements": [
        "KernSmooth",
        "R",
        "Rcpp",
        "data.table",
        "diagram",
        "grDevices",
        "graphics",
        "lava",
        "stats",
        "survival"
      ],
      "Hash": "3f60fadb28cfebdd20b0dd4198a38c60"
    },
    "progressr": {
      "Package": "progressr",
      "Version": "0.13.0",
      "Source": "Repository",
      "Repository": "CRAN",
      "Requirements": [
        "R",
        "digest",
        "utils"
      ],
      "Hash": "376a8ebcc878f9c1395e212548fc297a"
    },
    "purrr": {
      "Package": "purrr",
      "Version": "1.0.1",
      "Source": "Repository",
      "Repository": "CRAN",
      "Requirements": [
        "R",
        "cli",
        "lifecycle",
        "magrittr",
        "rlang",
        "vctrs"
      ],
      "Hash": "d71c815267c640f17ddbf7f16144b4bb"
    },
    "recipes": {
      "Package": "recipes",
      "Version": "1.0.6",
      "Source": "Repository",
      "Repository": "CRAN",
      "Requirements": [
        "Matrix",
        "R",
        "cli",
        "clock",
        "dplyr",
        "ellipsis",
        "generics",
        "glue",
        "gower",
        "hardhat",
        "ipred",
        "lifecycle",
        "lubridate",
        "magrittr",
        "purrr",
        "rlang",
        "stats",
        "tibble",
        "tidyr",
        "tidyselect",
        "timeDate",
        "utils",
        "vctrs",
        "withr"
      ],
      "Hash": "eb53ffc9674dc9a52c3a7e22d96d3f56"
    },
    "renv": {
      "Package": "renv",
      "Version": "0.17.3-88",
      "Source": "GitHub",
      "RemoteType": "github",
      "RemoteHost": "api.github.com",
      "RemoteRepo": "renv",
      "RemoteUsername": "rstudio",
      "RemotePkgRef": "rstudio/renv",
      "RemoteRef": "HEAD",
      "RemoteSha": "bfb5356541694c987232ae7ceedac992efbdbdca",
      "Requirements": [
        "utils"
      ],
      "Hash": "a68fb43f2f97712998737a7828c188d0"
    },
    "rlang": {
      "Package": "rlang",
      "Version": "1.1.1",
      "Source": "Repository",
      "Repository": "CRAN",
      "Requirements": [
        "R",
        "utils"
      ],
      "Hash": "a85c767b55f0bf9b7ad16c6d7baee5bb"
    },
    "rpart": {
      "Package": "rpart",
      "Version": "4.1.19",
      "Source": "Repository",
      "Repository": "CRAN",
      "Requirements": [
        "R",
        "grDevices",
        "graphics",
        "stats"
      ],
      "Hash": "b3c892a81783376cc2204af0f5805a80"
    },
    "rsample": {
      "Package": "rsample",
      "Version": "1.1.1",
      "Source": "Repository",
      "Repository": "CRAN",
      "Requirements": [
        "R",
        "dplyr",
        "furrr",
        "generics",
        "glue",
        "methods",
        "pillar",
        "purrr",
        "rlang",
        "slider",
        "tibble",
        "tidyr",
        "tidyselect",
        "vctrs"
      ],
      "Hash": "cb0c54ebc268ec382be8e4d4a8c34557"
    },
    "rstudioapi": {
      "Package": "rstudioapi",
      "Version": "0.14",
      "Source": "Repository",
      "Repository": "CRAN",
      "Hash": "690bd2acc42a9166ce34845884459320"
    },
    "rules": {
      "Package": "rules",
      "Version": "1.0.2.9000",
      "Source": "GitHub",
      "RemoteType": "github",
      "RemoteHost": "api.github.com",
      "RemoteUsername": "tidymodels",
      "RemoteRepo": "rules",
      "RemoteRef": "main",
      "RemoteSha": "3eb80fbfa4d81d9376a6fcb1707cd5beac3b770c",
      "Hash": "c18a89c92b8c21488262a8e891ae2cf7"
    },
    "scales": {
      "Package": "scales",
      "Version": "1.2.1",
      "Source": "Repository",
      "Repository": "CRAN",
      "Requirements": [
        "R",
        "R6",
        "RColorBrewer",
        "farver",
        "labeling",
        "lifecycle",
        "munsell",
        "rlang",
        "viridisLite"
      ],
      "Hash": "906cb23d2f1c5680b8ce439b44c6fa63"
    },
    "sessioninfo": {
      "Package": "sessioninfo",
      "Version": "1.2.2",
      "Source": "Repository",
      "Repository": "CRAN",
      "Requirements": [
        "R",
        "cli",
        "tools",
        "utils"
      ],
      "Hash": "3f9796a8d0a0e8c6eb49a4b029359d1f"
    },
    "shape": {
      "Package": "shape",
      "Version": "1.4.6",
      "Source": "Repository",
      "Repository": "CRAN",
      "Requirements": [
        "R",
        "grDevices",
        "graphics",
        "stats"
      ],
      "Hash": "9067f962730f58b14d8ae54ca885509f"
    },
    "slider": {
      "Package": "slider",
      "Version": "0.3.0",
      "Source": "Repository",
      "Repository": "CRAN",
      "Requirements": [
        "R",
        "cli",
        "rlang",
        "vctrs",
        "warp"
      ],
      "Hash": "c1c73df260af9e1e3692eb3b8e1ecb88"
    },
    "stringi": {
      "Package": "stringi",
      "Version": "1.7.12",
      "Source": "Repository",
      "Repository": "CRAN",
      "Requirements": [
        "R",
        "stats",
        "tools",
        "utils"
      ],
      "Hash": "ca8bd84263c77310739d2cf64d84d7c9"
    },
    "stringr": {
      "Package": "stringr",
      "Version": "1.5.0",
      "Source": "Repository",
      "Repository": "CRAN",
      "Requirements": [
        "R",
        "cli",
        "glue",
        "lifecycle",
        "magrittr",
        "rlang",
        "stringi",
        "vctrs"
      ],
      "Hash": "671a4d384ae9d32fc47a14e98bfa3dc8"
    },
    "survival": {
      "Package": "survival",
      "Version": "3.5-5",
      "Source": "Repository",
      "Repository": "CRAN",
      "Requirements": [
        "Matrix",
        "R",
        "graphics",
        "methods",
        "splines",
        "stats",
        "utils"
      ],
      "Hash": "d683341b1fa2e8d817efde27d6e6d35b"
    },
    "tibble": {
      "Package": "tibble",
      "Version": "3.2.1",
      "Source": "Repository",
      "Repository": "CRAN",
      "Requirements": [
        "R",
        "fansi",
        "lifecycle",
        "magrittr",
        "methods",
        "pillar",
        "pkgconfig",
        "rlang",
        "utils",
        "vctrs"
      ],
      "Hash": "a84e2cc86d07289b3b6f5069df7a004c"
    },
    "tidymodels": {
      "Package": "tidymodels",
      "Version": "1.1.0",
      "Source": "Repository",
      "Repository": "CRAN",
      "Requirements": [
        "R",
        "broom",
        "cli",
        "conflicted",
        "dials",
        "dplyr",
        "ggplot2",
        "hardhat",
        "infer",
        "modeldata",
        "parsnip",
        "purrr",
        "recipes",
        "rlang",
        "rsample",
        "rstudioapi",
        "tibble",
        "tidyr",
        "tune",
        "workflows",
        "workflowsets",
        "yardstick"
      ],
      "Hash": "65f6942e7cb9396aa31daeaf0d79f70c"
    },
    "tidyr": {
      "Package": "tidyr",
      "Version": "1.3.0",
      "Source": "Repository",
      "Repository": "CRAN",
      "Requirements": [
        "R",
        "cli",
        "cpp11",
        "dplyr",
        "glue",
        "lifecycle",
        "magrittr",
        "purrr",
        "rlang",
        "stringr",
        "tibble",
        "tidyselect",
        "utils",
        "vctrs"
      ],
      "Hash": "e47debdc7ce599b070c8e78e8ac0cfcf"
    },
    "tidyselect": {
      "Package": "tidyselect",
      "Version": "1.2.0",
      "Source": "Repository",
      "Repository": "CRAN",
      "Requirements": [
        "R",
        "cli",
        "glue",
        "lifecycle",
        "rlang",
        "vctrs",
        "withr"
      ],
      "Hash": "79540e5fcd9e0435af547d885f184fd5"
    },
    "timeDate": {
      "Package": "timeDate",
      "Version": "4022.108",
      "Source": "Repository",
      "Repository": "CRAN",
      "Requirements": [
        "R",
        "graphics",
        "methods",
        "stats",
        "utils"
      ],
      "Hash": "3f7918d2b36c17ffe07cddba6458453e"
    },
    "timechange": {
      "Package": "timechange",
      "Version": "0.2.0",
      "Source": "Repository",
      "Repository": "CRAN",
      "Requirements": [
        "R",
        "cpp11"
      ],
      "Hash": "8548b44f79a35ba1791308b61e6012d7"
    },
    "tune": {
      "Package": "tune",
      "Version": "1.1.1",
      "Source": "Repository",
      "Repository": "CRAN",
      "Requirements": [
        "GPfit",
        "R",
        "cli",
        "dials",
        "dplyr",
        "foreach",
        "generics",
        "ggplot2",
        "glue",
        "hardhat",
        "lifecycle",
        "parsnip",
        "purrr",
        "recipes",
        "rlang",
        "rsample",
        "tibble",
        "tidyr",
        "tidyselect",
        "vctrs",
        "withr",
        "workflows",
        "yardstick"
      ],
      "Hash": "abf2edf028c09305eaf0159fbb27d851"
    },
    "tzdb": {
      "Package": "tzdb",
      "Version": "0.4.0",
      "Source": "Repository",
      "Repository": "CRAN",
      "Requirements": [
        "R",
        "cpp11"
      ],
      "Hash": "f561504ec2897f4d46f0c7657e488ae1"
    },
    "utf8": {
      "Package": "utf8",
      "Version": "1.2.3",
      "Source": "Repository",
      "Repository": "CRAN",
      "Requirements": [
        "R"
      ],
      "Hash": "1fe17157424bb09c48a8b3b550c753bc"
    },
    "vctrs": {
      "Package": "vctrs",
      "Version": "0.6.2",
      "Source": "Repository",
      "Repository": "CRAN",
      "Requirements": [
        "R",
        "cli",
        "glue",
        "lifecycle",
        "rlang"
      ],
      "Hash": "a745bda7aff4734c17294bb41d4e4607"
    },
    "viridisLite": {
      "Package": "viridisLite",
      "Version": "0.4.2",
      "Source": "Repository",
      "Repository": "CRAN",
      "Requirements": [
        "R"
      ],
      "Hash": "c826c7c4241b6fc89ff55aaea3fa7491"
    },
    "warp": {
      "Package": "warp",
      "Version": "0.2.0",
      "Source": "Repository",
      "Repository": "CRAN",
      "Requirements": [
        "R"
      ],
      "Hash": "2982481615756e24e79fee95bdc95daa"
    },
    "withr": {
      "Package": "withr",
      "Version": "2.5.0",
      "Source": "Repository",
      "Repository": "CRAN",
      "Requirements": [
        "R",
        "grDevices",
        "graphics",
        "stats"
      ],
      "Hash": "c0e49a9760983e81e55cdd9be92e7182"
    },
    "workflows": {
      "Package": "workflows",
      "Version": "1.1.3",
      "Source": "Repository",
      "Repository": "CRAN",
      "Requirements": [
        "R",
        "cli",
        "generics",
        "glue",
        "hardhat",
        "lifecycle",
        "modelenv",
        "parsnip",
        "rlang",
        "tidyselect",
        "vctrs"
      ],
      "Hash": "553cd1d3d88da41e40f70b04f657a164"
    },
    "workflowsets": {
      "Package": "workflowsets",
      "Version": "1.0.1",
      "Source": "Repository",
      "Repository": "CRAN",
      "Requirements": [
        "R",
        "cli",
        "dplyr",
        "generics",
        "ggplot2",
        "glue",
        "hardhat",
        "lifecycle",
        "parsnip",
        "pillar",
        "prettyunits",
        "purrr",
        "rlang",
        "rsample",
        "stats",
        "tibble",
        "tidyr",
        "tune",
        "vctrs",
        "withr",
        "workflows"
      ],
      "Hash": "7393bad2a9c83d549e79bd641f6bf67a"
    },
    "yardstick": {
      "Package": "yardstick",
      "Version": "1.2.0",
      "Source": "Repository",
      "Repository": "CRAN",
      "Requirements": [
        "R",
        "cli",
        "dplyr",
        "generics",
        "hardhat",
        "lifecycle",
        "rlang",
        "tibble",
        "tidyselect",
        "utils",
        "vctrs"
      ],
      "Hash": "935418860629e50d2a2c495ea0a05221"
    }
  }
}
